
Microsoft Visual Studio Solution File, Format Version 12.00
# Visual Studio Version 16
VisualStudioVersion = 16.0.32106.194
MinimumVisualStudioVersion = 10.0.40219.1
Project("{FAE04EC0-301F-11D3-BF4B-00C04F79EFBC}") = "assi4", "assi4\assi4.csproj", "{BECBEB88-1095-46AE-B29B-BE2792FAB762}"
EndProject
Global
	GlobalSection(SolutionConfigurationPlatforms) = preSolution
		Debug|Any CPU = Debug|Any CPU
		Release|Any CPU = Release|Any CPU
	EndGlobalSection
	GlobalSection(ProjectConfigurationPlatforms) = postSolution
		{BECBEB88-1095-46AE-B29B-BE2792FAB762}.Debug|Any CPU.ActiveCfg = Debug|Any CPU
		{BECBEB88-1095-46AE-B29B-BE2792FAB762}.Debug|Any CPU.Build.0 = Debug|Any CPU
		{BECBEB88-1095-46AE-B29B-BE2792FAB762}.Release|Any CPU.ActiveCfg = Release|Any CPU
		{BECBEB88-1095-46AE-B29B-BE2792FAB762}.Release|Any CPU.Build.0 = Release|Any CPU
	EndGlobalSection
	GlobalSection(SolutionProperties) = preSolution
		HideSolutionNode = FALSE
	EndGlobalSection
	GlobalSection(ExtensibilityGlobals) = postSolution
		SolutionGuid = {B73F02CB-6A44-4389-AC09-3D8BD0577E32}
	EndGlobalSection
EndGlobal
